// !$*UTF8*$!
{
	archiveVersion = 1;
	classes = {
	};
	objectVersion = 46;
	objects = {

/* Begin PBXBuildFile section */
		0F38FD3A1F5FAC2E00F12834 /* UITabBarViewController.swift in Sources */ = {isa = PBXBuildFile; fileRef = 0F38FD391F5FAC2E00F12834 /* UITabBarViewController.swift */; };
		0F38FD3C1F5FC2EE00F12834 /* UpcomingViewController.swift in Sources */ = {isa = PBXBuildFile; fileRef = 0F38FD3B1F5FC2EE00F12834 /* UpcomingViewController.swift */; };
		0F38FD4C1F60106B00F12834 /* MovieDetailsViewController.swift in Sources */ = {isa = PBXBuildFile; fileRef = 0F38FD4B1F60106B00F12834 /* MovieDetailsViewController.swift */; };
		0F38FD4E1F60120C00F12834 /* MovieView.swift in Sources */ = {isa = PBXBuildFile; fileRef = 0F38FD4D1F60120C00F12834 /* MovieView.swift */; };
		0F38FD561F614E7600F12834 /* WCastPeople.swift in Sources */ = {isa = PBXBuildFile; fileRef = 0F38FD551F614E7600F12834 /* WCastPeople.swift */; };
		0F38FD5B1F6166A500F12834 /* NewCastCell.swift in Sources */ = {isa = PBXBuildFile; fileRef = 0F38FD591F6166A500F12834 /* NewCastCell.swift */; };
		0F38FD5C1F6166A500F12834 /* NewCastCell.xib in Resources */ = {isa = PBXBuildFile; fileRef = 0F38FD5A1F6166A500F12834 /* NewCastCell.xib */; };
		0F431C231F658651008DF236 /* SearchViewController.swift in Sources */ = {isa = PBXBuildFile; fileRef = 0F431C221F658651008DF236 /* SearchViewController.swift */; };
		0F431C251F65A92D008DF236 /* CastDetailViewController.swift in Sources */ = {isa = PBXBuildFile; fileRef = 0F431C241F65A92D008DF236 /* CastDetailViewController.swift */; };
		0F431C271F6644F0008DF236 /* CastView.swift in Sources */ = {isa = PBXBuildFile; fileRef = 0F431C261F6644F0008DF236 /* CastView.swift */; };
		0F431C2D1F67E072008DF236 /* StartUpViewController.swift in Sources */ = {isa = PBXBuildFile; fileRef = 0F431C2C1F67E072008DF236 /* StartUpViewController.swift */; };
		0F431C2F1F67E08C008DF236 /* LoginViewController.swift in Sources */ = {isa = PBXBuildFile; fileRef = 0F431C2E1F67E08C008DF236 /* LoginViewController.swift */; };
		0F431C321F67FCC8008DF236 /* mclient.xcdatamodeld in Sources */ = {isa = PBXBuildFile; fileRef = 0F431C301F67FCC8008DF236 /* mclient.xcdatamodeld */; };
		0F431C391F68F8A0008DF236 /* Movie.swift in Sources */ = {isa = PBXBuildFile; fileRef = 0F431C381F68F8A0008DF236 /* Movie.swift */; };
		0F431C3B1F68F8BE008DF236 /* Person.swift in Sources */ = {isa = PBXBuildFile; fileRef = 0F431C3A1F68F8BE008DF236 /* Person.swift */; };
		0F4A17081F6ACC5300E93B3F /* UpcomingViewController+NSFRCDelegate.swift in Sources */ = {isa = PBXBuildFile; fileRef = 0F4A17071F6ACC5300E93B3F /* UpcomingViewController+NSFRCDelegate.swift */; };
		0F4A170A1F6BB9C400E93B3F /* NowPlayingViewController+NSFRCDelegate.swift in Sources */ = {isa = PBXBuildFile; fileRef = 0F4A17091F6BB9C400E93B3F /* NowPlayingViewController+NSFRCDelegate.swift */; };
		0F76697A1F7A28D7009511C3 /* NetworkManager.swift in Sources */ = {isa = PBXBuildFile; fileRef = 0F7669791F7A28D7009511C3 /* NetworkManager.swift */; };
		0F7669A01F7BAFE8009511C3 /* DbManager.swift in Sources */ = {isa = PBXBuildFile; fileRef = 0F76699F1F7BAFE8009511C3 /* DbManager.swift */; };
		0FADE5AD1F71900A00DA33DB /* WatchlistDelegate.swift in Sources */ = {isa = PBXBuildFile; fileRef = 0FADE5AC1F71900A00DA33DB /* WatchlistDelegate.swift */; };
		0FADE5B11F72CF2700DA33DB /* WatchlistViewController.swift in Sources */ = {isa = PBXBuildFile; fileRef = 0FADE5B01F72CF2700DA33DB /* WatchlistViewController.swift */; };
		0FB30E351F74F9020078B3CF /* UserProfileViewController.swift in Sources */ = {isa = PBXBuildFile; fileRef = 0FB30E341F74F9020078B3CF /* UserProfileViewController.swift */; };
		0FB30E371F74F9620078B3CF /* WatchlistErrorViewController.swift in Sources */ = {isa = PBXBuildFile; fileRef = 0FB30E361F74F9620078B3CF /* WatchlistErrorViewController.swift */; };
		0FB5C2141F554729005708AA /* AppDelegate.swift in Sources */ = {isa = PBXBuildFile; fileRef = 0FB5C2131F554729005708AA /* AppDelegate.swift */; };
		0FB5C2191F55472A005708AA /* Main.storyboard in Resources */ = {isa = PBXBuildFile; fileRef = 0FB5C2171F55472A005708AA /* Main.storyboard */; };
		0FB5C21B1F55472A005708AA /* Assets.xcassets in Resources */ = {isa = PBXBuildFile; fileRef = 0FB5C21A1F55472A005708AA /* Assets.xcassets */; };
		0FB5C21E1F55472A005708AA /* LaunchScreen.storyboard in Resources */ = {isa = PBXBuildFile; fileRef = 0FB5C21C1F55472A005708AA /* LaunchScreen.storyboard */; };
		0FB5C2511F555135005708AA /* WMovie.swift in Sources */ = {isa = PBXBuildFile; fileRef = 0FB5C2501F555135005708AA /* WMovie.swift */; };
		0FB5C29C1F56873E005708AA /* Constants.swift in Sources */ = {isa = PBXBuildFile; fileRef = 0FB5C29B1F56873E005708AA /* Constants.swift */; };
		0FB5C2C61F59416B005708AA /* WMRequest.swift in Sources */ = {isa = PBXBuildFile; fileRef = 0FB5C2C51F59416B005708AA /* WMRequest.swift */; };
		0FB5C2CC1F5D3FBE005708AA /* SearchHeaderCell.swift in Sources */ = {isa = PBXBuildFile; fileRef = 0FB5C2CB1F5D3FBE005708AA /* SearchHeaderCell.swift */; };
		0FB5C2D11F5E6E7C005708AA /* newMovieCell.swift in Sources */ = {isa = PBXBuildFile; fileRef = 0FB5C2CF1F5E6E7C005708AA /* newMovieCell.swift */; };
		0FB5C2D21F5E6E7C005708AA /* newMovieCell.xib in Resources */ = {isa = PBXBuildFile; fileRef = 0FB5C2D01F5E6E7C005708AA /* newMovieCell.xib */; };
		0FB5C2D41F5E894B005708AA /* NowPlayingViewController.swift in Sources */ = {isa = PBXBuildFile; fileRef = 0FB5C2D31F5E894B005708AA /* NowPlayingViewController.swift */; };
		F143811AA916E932450E7A5E /* Pods_MClient.framework in Frameworks */ = {isa = PBXBuildFile; fileRef = 0669BBF0558EE0CD1439DB56 /* Pods_MClient.framework */; };
/* End PBXBuildFile section */

/* Begin PBXFileReference section */
		0669BBF0558EE0CD1439DB56 /* Pods_MClient.framework */ = {isa = PBXFileReference; explicitFileType = wrapper.framework; includeInIndex = 0; path = Pods_MClient.framework; sourceTree = BUILT_PRODUCTS_DIR; };
		0F38FD391F5FAC2E00F12834 /* UITabBarViewController.swift */ = {isa = PBXFileReference; fileEncoding = 4; lastKnownFileType = sourcecode.swift; path = UITabBarViewController.swift; sourceTree = "<group>"; };
		0F38FD3B1F5FC2EE00F12834 /* UpcomingViewController.swift */ = {isa = PBXFileReference; fileEncoding = 4; lastKnownFileType = sourcecode.swift; path = UpcomingViewController.swift; sourceTree = "<group>"; };
		0F38FD4B1F60106B00F12834 /* MovieDetailsViewController.swift */ = {isa = PBXFileReference; fileEncoding = 4; lastKnownFileType = sourcecode.swift; path = MovieDetailsViewController.swift; sourceTree = "<group>"; };
		0F38FD4D1F60120C00F12834 /* MovieView.swift */ = {isa = PBXFileReference; fileEncoding = 4; lastKnownFileType = sourcecode.swift; path = MovieView.swift; sourceTree = "<group>"; };
		0F38FD551F614E7600F12834 /* WCastPeople.swift */ = {isa = PBXFileReference; fileEncoding = 4; lastKnownFileType = sourcecode.swift; path = WCastPeople.swift; sourceTree = "<group>"; };
		0F38FD591F6166A500F12834 /* NewCastCell.swift */ = {isa = PBXFileReference; fileEncoding = 4; lastKnownFileType = sourcecode.swift; path = NewCastCell.swift; sourceTree = "<group>"; };
		0F38FD5A1F6166A500F12834 /* NewCastCell.xib */ = {isa = PBXFileReference; fileEncoding = 4; lastKnownFileType = file.xib; path = NewCastCell.xib; sourceTree = "<group>"; };
		0F431C221F658651008DF236 /* SearchViewController.swift */ = {isa = PBXFileReference; fileEncoding = 4; lastKnownFileType = sourcecode.swift; path = SearchViewController.swift; sourceTree = "<group>"; };
		0F431C241F65A92D008DF236 /* CastDetailViewController.swift */ = {isa = PBXFileReference; fileEncoding = 4; lastKnownFileType = sourcecode.swift; path = CastDetailViewController.swift; sourceTree = "<group>"; };
		0F431C261F6644F0008DF236 /* CastView.swift */ = {isa = PBXFileReference; fileEncoding = 4; lastKnownFileType = sourcecode.swift; path = CastView.swift; sourceTree = "<group>"; };
		0F431C2C1F67E072008DF236 /* StartUpViewController.swift */ = {isa = PBXFileReference; fileEncoding = 4; lastKnownFileType = sourcecode.swift; path = StartUpViewController.swift; sourceTree = "<group>"; };
		0F431C2E1F67E08C008DF236 /* LoginViewController.swift */ = {isa = PBXFileReference; fileEncoding = 4; lastKnownFileType = sourcecode.swift; path = LoginViewController.swift; sourceTree = "<group>"; };
		0F431C311F67FCC8008DF236 /* mclient.xcdatamodel */ = {isa = PBXFileReference; lastKnownFileType = wrapper.xcdatamodel; path = mclient.xcdatamodel; sourceTree = "<group>"; };
		0F431C381F68F8A0008DF236 /* Movie.swift */ = {isa = PBXFileReference; fileEncoding = 4; lastKnownFileType = sourcecode.swift; path = Movie.swift; sourceTree = "<group>"; };
		0F431C3A1F68F8BE008DF236 /* Person.swift */ = {isa = PBXFileReference; fileEncoding = 4; lastKnownFileType = sourcecode.swift; path = Person.swift; sourceTree = "<group>"; };
		0F4A17071F6ACC5300E93B3F /* UpcomingViewController+NSFRCDelegate.swift */ = {isa = PBXFileReference; fileEncoding = 4; lastKnownFileType = sourcecode.swift; path = "UpcomingViewController+NSFRCDelegate.swift"; sourceTree = "<group>"; };
		0F4A17091F6BB9C400E93B3F /* NowPlayingViewController+NSFRCDelegate.swift */ = {isa = PBXFileReference; fileEncoding = 4; lastKnownFileType = sourcecode.swift; path = "NowPlayingViewController+NSFRCDelegate.swift"; sourceTree = "<group>"; };
		0F7669791F7A28D7009511C3 /* NetworkManager.swift */ = {isa = PBXFileReference; fileEncoding = 4; lastKnownFileType = sourcecode.swift; path = NetworkManager.swift; sourceTree = "<group>"; };
		0F76699F1F7BAFE8009511C3 /* DbManager.swift */ = {isa = PBXFileReference; fileEncoding = 4; lastKnownFileType = sourcecode.swift; path = DbManager.swift; sourceTree = "<group>"; };
		0FADE5AC1F71900A00DA33DB /* WatchlistDelegate.swift */ = {isa = PBXFileReference; fileEncoding = 4; lastKnownFileType = sourcecode.swift; path = WatchlistDelegate.swift; sourceTree = "<group>"; };
		0FADE5B01F72CF2700DA33DB /* WatchlistViewController.swift */ = {isa = PBXFileReference; fileEncoding = 4; lastKnownFileType = sourcecode.swift; path = WatchlistViewController.swift; sourceTree = "<group>"; };
		0FB30E341F74F9020078B3CF /* UserProfileViewController.swift */ = {isa = PBXFileReference; fileEncoding = 4; lastKnownFileType = sourcecode.swift; path = UserProfileViewController.swift; sourceTree = "<group>"; };
		0FB30E361F74F9620078B3CF /* WatchlistErrorViewController.swift */ = {isa = PBXFileReference; fileEncoding = 4; lastKnownFileType = sourcecode.swift; path = WatchlistErrorViewController.swift; sourceTree = "<group>"; };
		0FB5C2101F554729005708AA /* MClient.app */ = {isa = PBXFileReference; explicitFileType = wrapper.application; includeInIndex = 0; path = MClient.app; sourceTree = BUILT_PRODUCTS_DIR; };
		0FB5C2131F554729005708AA /* AppDelegate.swift */ = {isa = PBXFileReference; lastKnownFileType = sourcecode.swift; path = AppDelegate.swift; sourceTree = "<group>"; };
		0FB5C2181F55472A005708AA /* Base */ = {isa = PBXFileReference; lastKnownFileType = file.storyboard; name = Base; path = Base.lproj/Main.storyboard; sourceTree = "<group>"; };
		0FB5C21A1F55472A005708AA /* Assets.xcassets */ = {isa = PBXFileReference; lastKnownFileType = folder.assetcatalog; path = Assets.xcassets; sourceTree = "<group>"; };
		0FB5C21D1F55472A005708AA /* Base */ = {isa = PBXFileReference; lastKnownFileType = file.storyboard; name = Base; path = Base.lproj/LaunchScreen.storyboard; sourceTree = "<group>"; };
		0FB5C21F1F55472A005708AA /* Info.plist */ = {isa = PBXFileReference; lastKnownFileType = text.plist.xml; path = Info.plist; sourceTree = "<group>"; };
		0FB5C2501F555135005708AA /* WMovie.swift */ = {isa = PBXFileReference; fileEncoding = 4; lastKnownFileType = sourcecode.swift; path = WMovie.swift; sourceTree = "<group>"; };
		0FB5C29B1F56873E005708AA /* Constants.swift */ = {isa = PBXFileReference; fileEncoding = 4; lastKnownFileType = sourcecode.swift; path = Constants.swift; sourceTree = "<group>"; };
		0FB5C2C51F59416B005708AA /* WMRequest.swift */ = {isa = PBXFileReference; fileEncoding = 4; lastKnownFileType = sourcecode.swift; path = WMRequest.swift; sourceTree = "<group>"; };
		0FB5C2CB1F5D3FBE005708AA /* SearchHeaderCell.swift */ = {isa = PBXFileReference; fileEncoding = 4; lastKnownFileType = sourcecode.swift; path = SearchHeaderCell.swift; sourceTree = "<group>"; };
		0FB5C2CF1F5E6E7C005708AA /* newMovieCell.swift */ = {isa = PBXFileReference; fileEncoding = 4; lastKnownFileType = sourcecode.swift; path = newMovieCell.swift; sourceTree = "<group>"; };
		0FB5C2D01F5E6E7C005708AA /* newMovieCell.xib */ = {isa = PBXFileReference; fileEncoding = 4; lastKnownFileType = file.xib; path = newMovieCell.xib; sourceTree = "<group>"; };
		0FB5C2D31F5E894B005708AA /* NowPlayingViewController.swift */ = {isa = PBXFileReference; fileEncoding = 4; lastKnownFileType = sourcecode.swift; path = NowPlayingViewController.swift; sourceTree = "<group>"; };
		8704C61FB76D562932B41FA9 /* Pods-MClient.release.xcconfig */ = {isa = PBXFileReference; includeInIndex = 1; lastKnownFileType = text.xcconfig; name = "Pods-MClient.release.xcconfig"; path = "Pods/Target Support Files/Pods-MClient/Pods-MClient.release.xcconfig"; sourceTree = "<group>"; };
		BC06344EEAFD3BA27BB5AB28 /* Pods-MClient.debug.xcconfig */ = {isa = PBXFileReference; includeInIndex = 1; lastKnownFileType = text.xcconfig; name = "Pods-MClient.debug.xcconfig"; path = "Pods/Target Support Files/Pods-MClient/Pods-MClient.debug.xcconfig"; sourceTree = "<group>"; };
/* End PBXFileReference section */

/* Begin PBXFrameworksBuildPhase section */
		0FB5C20D1F554729005708AA /* Frameworks */ = {
			isa = PBXFrameworksBuildPhase;
			buildActionMask = 2147483647;
			files = (
				F143811AA916E932450E7A5E /* Pods_MClient.framework in Frameworks */,
			);
			runOnlyForDeploymentPostprocessing = 0;
		};
/* End PBXFrameworksBuildPhase section */

/* Begin PBXGroup section */
		0F431C331F680205008DF236 /* ViewControllers */ = {
			isa = PBXGroup;
			children = (
				0F431C2C1F67E072008DF236 /* StartUpViewController.swift */,
				0F431C2E1F67E08C008DF236 /* LoginViewController.swift */,
				0F38FD391F5FAC2E00F12834 /* UITabBarViewController.swift */,
				0FB5C2D31F5E894B005708AA /* NowPlayingViewController.swift */,
				0F4A17091F6BB9C400E93B3F /* NowPlayingViewController+NSFRCDelegate.swift */,
				0F38FD3B1F5FC2EE00F12834 /* UpcomingViewController.swift */,
				0F4A17071F6ACC5300E93B3F /* UpcomingViewController+NSFRCDelegate.swift */,
				0F431C221F658651008DF236 /* SearchViewController.swift */,
				0F38FD4B1F60106B00F12834 /* MovieDetailsViewController.swift */,
				0F431C241F65A92D008DF236 /* CastDetailViewController.swift */,
				0FB30E341F74F9020078B3CF /* UserProfileViewController.swift */,
				0FADE5B01F72CF2700DA33DB /* WatchlistViewController.swift */,
				0FB30E361F74F9620078B3CF /* WatchlistErrorViewController.swift */,
			);
			name = ViewControllers;
			sourceTree = "<group>";
		};
		0F431C341F680218008DF236 /* Views */ = {
			isa = PBXGroup;
			children = (
				0FB5C2CF1F5E6E7C005708AA /* newMovieCell.swift */,
				0FB5C2D01F5E6E7C005708AA /* newMovieCell.xib */,
				0F38FD591F6166A500F12834 /* NewCastCell.swift */,
				0F38FD5A1F6166A500F12834 /* NewCastCell.xib */,
				0FB5C2CB1F5D3FBE005708AA /* SearchHeaderCell.swift */,
				0F38FD4D1F60120C00F12834 /* MovieView.swift */,
				0F431C261F6644F0008DF236 /* CastView.swift */,
			);
			name = Views;
			sourceTree = "<group>";
		};
		0F431C351F680241008DF236 /* CoreData */ = {
			isa = PBXGroup;
			children = (
				0F431C301F67FCC8008DF236 /* mclient.xcdatamodeld */,
				0F431C381F68F8A0008DF236 /* Movie.swift */,
				0F431C3A1F68F8BE008DF236 /* Person.swift */,
				0F76699F1F7BAFE8009511C3 /* DbManager.swift */,
			);
			name = CoreData;
			sourceTree = "<group>";
		};
		0F7669781F7A28B2009511C3 /* Network */ = {
			isa = PBXGroup;
			children = (
				0FB5C2C51F59416B005708AA /* WMRequest.swift */,
				0F7669791F7A28D7009511C3 /* NetworkManager.swift */,
			);
			name = Network;
			sourceTree = "<group>";
		};
		0FADE5AB1F718FD200DA33DB /* Protocol */ = {
			isa = PBXGroup;
			children = (
				0FADE5AC1F71900A00DA33DB /* WatchlistDelegate.swift */,
			);
			name = Protocol;
			sourceTree = "<group>";
		};
		0FB5C2071F554729005708AA = {
			isa = PBXGroup;
			children = (
				0FB5C2121F554729005708AA /* MClient */,
				0FB5C2111F554729005708AA /* Products */,
				6CDE1641BD662BD020A4C72C /* Pods */,
				107219B430B1B34F629B70B2 /* Frameworks */,
			);
			sourceTree = "<group>";
		};
		0FB5C2111F554729005708AA /* Products */ = {
			isa = PBXGroup;
			children = (
				0FB5C2101F554729005708AA /* MClient.app */,
			);
			name = Products;
			sourceTree = "<group>";
		};
		0FB5C2121F554729005708AA /* MClient */ = {
			isa = PBXGroup;
			children = (
				0FB5C2171F55472A005708AA /* Main.storyboard */,
				0FB5C2251F554734005708AA /* Supporting Files */,
				0FADE5AB1F718FD200DA33DB /* Protocol */,
				0F7669781F7A28B2009511C3 /* Network */,
				0FB5C24F1F555128005708AA /* Wrapper */,
				0F431C341F680218008DF236 /* Views */,
				0F431C331F680205008DF236 /* ViewControllers */,
				0F431C351F680241008DF236 /* CoreData */,
			);
			path = MClient;
			sourceTree = "<group>";
		};
		0FB5C2251F554734005708AA /* Supporting Files */ = {
			isa = PBXGroup;
			children = (
				0FB5C2131F554729005708AA /* AppDelegate.swift */,
				0FB5C21A1F55472A005708AA /* Assets.xcassets */,
				0FB5C21C1F55472A005708AA /* LaunchScreen.storyboard */,
				0FB5C21F1F55472A005708AA /* Info.plist */,
			);
			name = "Supporting Files";
			sourceTree = "<group>";
		};
		0FB5C24F1F555128005708AA /* Wrapper */ = {
			isa = PBXGroup;
			children = (
				0FB5C2501F555135005708AA /* WMovie.swift */,
				0FB5C29B1F56873E005708AA /* Constants.swift */,
				0F38FD551F614E7600F12834 /* WCastPeople.swift */,
			);
			name = Wrapper;
			sourceTree = "<group>";
		};
		107219B430B1B34F629B70B2 /* Frameworks */ = {
			isa = PBXGroup;
			children = (
				0669BBF0558EE0CD1439DB56 /* Pods_MClient.framework */,
			);
			name = Frameworks;
			sourceTree = "<group>";
		};
		6CDE1641BD662BD020A4C72C /* Pods */ = {
			isa = PBXGroup;
			children = (
				BC06344EEAFD3BA27BB5AB28 /* Pods-MClient.debug.xcconfig */,
				8704C61FB76D562932B41FA9 /* Pods-MClient.release.xcconfig */,
			);
			name = Pods;
			sourceTree = "<group>";
		};
/* End PBXGroup section */

/* Begin PBXNativeTarget section */
		0FB5C20F1F554729005708AA /* MClient */ = {
			isa = PBXNativeTarget;
			buildConfigurationList = 0FB5C2221F55472A005708AA /* Build configuration list for PBXNativeTarget "MClient" */;
			buildPhases = (
				F9511F5C35CAE8D9359E5056 /* [CP] Check Pods Manifest.lock */,
				0FB5C20C1F554729005708AA /* Sources */,
				0FB5C20D1F554729005708AA /* Frameworks */,
				0FB5C20E1F554729005708AA /* Resources */,
				38330B5751778438FE128953 /* [CP] Embed Pods Frameworks */,
				D834CA9E4876DC5C0A2DDB39 /* [CP] Copy Pods Resources */,
			);
			buildRules = (
			);
			dependencies = (
			);
			name = MClient;
			productName = MClient;
			productReference = 0FB5C2101F554729005708AA /* MClient.app */;
			productType = "com.apple.product-type.application";
		};
/* End PBXNativeTarget section */

/* Begin PBXProject section */
		0FB5C2081F554729005708AA /* Project object */ = {
			isa = PBXProject;
			attributes = {
				LastSwiftUpdateCheck = 0830;
				LastUpgradeCheck = 0830;
				ORGANIZATIONNAME = gupta.a;
				TargetAttributes = {
					0FB5C20F1F554729005708AA = {
						CreatedOnToolsVersion = 8.3.3;
						DevelopmentTeam = G24FXD6L29;
						ProvisioningStyle = Automatic;
					};
				};
			};
			buildConfigurationList = 0FB5C20B1F554729005708AA /* Build configuration list for PBXProject "MClient" */;
			compatibilityVersion = "Xcode 3.2";
			developmentRegion = English;
			hasScannedForEncodings = 0;
			knownRegions = (
				en,
				Base,
			);
			mainGroup = 0FB5C2071F554729005708AA;
			productRefGroup = 0FB5C2111F554729005708AA /* Products */;
			projectDirPath = "";
			projectRoot = "";
			targets = (
				0FB5C20F1F554729005708AA /* MClient */,
			);
		};
/* End PBXProject section */

/* Begin PBXResourcesBuildPhase section */
		0FB5C20E1F554729005708AA /* Resources */ = {
			isa = PBXResourcesBuildPhase;
			buildActionMask = 2147483647;
			files = (
				0FB5C21E1F55472A005708AA /* LaunchScreen.storyboard in Resources */,
				0F38FD5C1F6166A500F12834 /* NewCastCell.xib in Resources */,
				0FB5C2D21F5E6E7C005708AA /* newMovieCell.xib in Resources */,
				0FB5C21B1F55472A005708AA /* Assets.xcassets in Resources */,
				0FB5C2191F55472A005708AA /* Main.storyboard in Resources */,
			);
			runOnlyForDeploymentPostprocessing = 0;
		};
/* End PBXResourcesBuildPhase section */

/* Begin PBXShellScriptBuildPhase section */
		38330B5751778438FE128953 /* [CP] Embed Pods Frameworks */ = {
			isa = PBXShellScriptBuildPhase;
			buildActionMask = 2147483647;
			files = (
			);
			inputPaths = (
				"${SRCROOT}/Pods/Target Support Files/Pods-MClient/Pods-MClient-frameworks.sh",
				"${BUILT_PRODUCTS_DIR}/SDWebImage/SDWebImage.framework",
			);
			name = "[CP] Embed Pods Frameworks";
			outputPaths = (
				"${TARGET_BUILD_DIR}/${FRAMEWORKS_FOLDER_PATH}/SDWebImage.framework",
			);
			runOnlyForDeploymentPostprocessing = 0;
			shellPath = /bin/sh;
			shellScript = "\"${SRCROOT}/Pods/Target Support Files/Pods-MClient/Pods-MClient-frameworks.sh\"\n";
			showEnvVarsInLog = 0;
		};
		D834CA9E4876DC5C0A2DDB39 /* [CP] Copy Pods Resources */ = {
			isa = PBXShellScriptBuildPhase;
			buildActionMask = 2147483647;
			files = (
			);
			inputPaths = (
			);
			name = "[CP] Copy Pods Resources";
			outputPaths = (
			);
			runOnlyForDeploymentPostprocessing = 0;
			shellPath = /bin/sh;
			shellScript = "\"${SRCROOT}/Pods/Target Support Files/Pods-MClient/Pods-MClient-resources.sh\"\n";
			showEnvVarsInLog = 0;
		};
		F9511F5C35CAE8D9359E5056 /* [CP] Check Pods Manifest.lock */ = {
			isa = PBXShellScriptBuildPhase;
			buildActionMask = 2147483647;
			files = (
			);
			inputPaths = (
				"${PODS_PODFILE_DIR_PATH}/Podfile.lock",
				"${PODS_ROOT}/Manifest.lock",
			);
			name = "[CP] Check Pods Manifest.lock";
			outputPaths = (
				"$(DERIVED_FILE_DIR)/Pods-MClient-checkManifestLockResult.txt",
			);
			runOnlyForDeploymentPostprocessing = 0;
			shellPath = /bin/sh;
			shellScript = "diff \"${PODS_PODFILE_DIR_PATH}/Podfile.lock\" \"${PODS_ROOT}/Manifest.lock\" > /dev/null\nif [ $? != 0 ] ; then\n    # print error to STDERR\n    echo \"error: The sandbox is not in sync with the Podfile.lock. Run 'pod install' or update your CocoaPods installation.\" >&2\n    exit 1\nfi\n# This output is used by Xcode 'outputs' to avoid re-running this script phase.\necho \"SUCCESS\" > \"${SCRIPT_OUTPUT_FILE_0}\"\n";
			showEnvVarsInLog = 0;
		};
/* End PBXShellScriptBuildPhase section */

/* Begin PBXSourcesBuildPhase section */
		0FB5C20C1F554729005708AA /* Sources */ = {
			isa = PBXSourcesBuildPhase;
			buildActionMask = 2147483647;
			files = (
				0FB5C2CC1F5D3FBE005708AA /* SearchHeaderCell.swift in Sources */,
				0F431C2D1F67E072008DF236 /* StartUpViewController.swift in Sources */,
				0F38FD4E1F60120C00F12834 /* MovieView.swift in Sources */,
				0F431C271F6644F0008DF236 /* CastView.swift in Sources */,
				0FB30E371F74F9620078B3CF /* WatchlistErrorViewController.swift in Sources */,
				0F38FD5B1F6166A500F12834 /* NewCastCell.swift in Sources */,
				0FB5C2511F555135005708AA /* WMovie.swift in Sources */,
				0F4A17081F6ACC5300E93B3F /* UpcomingViewController+NSFRCDelegate.swift in Sources */,
				0FB5C2141F554729005708AA /* AppDelegate.swift in Sources */,
				0FB30E351F74F9020078B3CF /* UserProfileViewController.swift in Sources */,
				0F431C2F1F67E08C008DF236 /* LoginViewController.swift in Sources */,
				0FB5C2D41F5E894B005708AA /* NowPlayingViewController.swift in Sources */,
				0F431C321F67FCC8008DF236 /* mclient.xcdatamodeld in Sources */,
				0F38FD4C1F60106B00F12834 /* MovieDetailsViewController.swift in Sources */,
				0F7669A01F7BAFE8009511C3 /* DbManager.swift in Sources */,
				0F38FD3A1F5FAC2E00F12834 /* UITabBarViewController.swift in Sources */,
				0F38FD561F614E7600F12834 /* WCastPeople.swift in Sources */,
				0FADE5B11F72CF2700DA33DB /* WatchlistViewController.swift in Sources */,
				0F431C231F658651008DF236 /* SearchViewController.swift in Sources */,
				0FB5C2C61F59416B005708AA /* WMRequest.swift in Sources */,
				0FB5C29C1F56873E005708AA /* Constants.swift in Sources */,
				0F38FD3C1F5FC2EE00F12834 /* UpcomingViewController.swift in Sources */,
				0F431C251F65A92D008DF236 /* CastDetailViewController.swift in Sources */,
				0F431C3B1F68F8BE008DF236 /* Person.swift in Sources */,
				0F431C391F68F8A0008DF236 /* Movie.swift in Sources */,
				0F76697A1F7A28D7009511C3 /* NetworkManager.swift in Sources */,
				0F4A170A1F6BB9C400E93B3F /* NowPlayingViewController+NSFRCDelegate.swift in Sources */,
				0FADE5AD1F71900A00DA33DB /* WatchlistDelegate.swift in Sources */,
				0FB5C2D11F5E6E7C005708AA /* newMovieCell.swift in Sources */,
			);
			runOnlyForDeploymentPostprocessing = 0;
		};
/* End PBXSourcesBuildPhase section */

/* Begin PBXVariantGroup section */
		0FB5C2171F55472A005708AA /* Main.storyboard */ = {
			isa = PBXVariantGroup;
			children = (
				0FB5C2181F55472A005708AA /* Base */,
			);
			name = Main.storyboard;
			sourceTree = "<group>";
		};
		0FB5C21C1F55472A005708AA /* LaunchScreen.storyboard */ = {
			isa = PBXVariantGroup;
			children = (
				0FB5C21D1F55472A005708AA /* Base */,
			);
			name = LaunchScreen.storyboard;
			sourceTree = "<group>";
		};
/* End PBXVariantGroup section */

/* Begin XCBuildConfiguration section */
		0FB5C2201F55472A005708AA /* Debug */ = {
			isa = XCBuildConfiguration;
			buildSettings = {
				ALWAYS_SEARCH_USER_PATHS = NO;
				CLANG_ANALYZER_NONNULL = YES;
				CLANG_ANALYZER_NUMBER_OBJECT_CONVERSION = YES_AGGRESSIVE;
				CLANG_CXX_LANGUAGE_STANDARD = "gnu++0x";
				CLANG_CXX_LIBRARY = "libc++";
				CLANG_ENABLE_MODULES = YES;
				CLANG_ENABLE_OBJC_ARC = YES;
				CLANG_WARN_BOOL_CONVERSION = YES;
				CLANG_WARN_CONSTANT_CONVERSION = YES;
				CLANG_WARN_DIRECT_OBJC_ISA_USAGE = YES_ERROR;
				CLANG_WARN_DOCUMENTATION_COMMENTS = YES;
				CLANG_WARN_EMPTY_BODY = YES;
				CLANG_WARN_ENUM_CONVERSION = YES;
				CLANG_WARN_INFINITE_RECURSION = YES;
				CLANG_WARN_INT_CONVERSION = YES;
				CLANG_WARN_OBJC_ROOT_CLASS = YES_ERROR;
				CLANG_WARN_SUSPICIOUS_MOVE = YES;
				CLANG_WARN_UNREACHABLE_CODE = YES;
				CLANG_WARN__DUPLICATE_METHOD_MATCH = YES;
				"CODE_SIGN_IDENTITY[sdk=iphoneos*]" = "iPhone Developer";
				COPY_PHASE_STRIP = NO;
				DEBUG_INFORMATION_FORMAT = dwarf;
				ENABLE_STRICT_OBJC_MSGSEND = YES;
				ENABLE_TESTABILITY = YES;
				GCC_C_LANGUAGE_STANDARD = gnu99;
				GCC_DYNAMIC_NO_PIC = NO;
				GCC_NO_COMMON_BLOCKS = YES;
				GCC_OPTIMIZATION_LEVEL = 0;
				GCC_PREPROCESSOR_DEFINITIONS = (
					"DEBUG=1",
					"$(inherited)",
				);
				GCC_WARN_64_TO_32_BIT_CONVERSION = YES;
				GCC_WARN_ABOUT_RETURN_TYPE = YES_ERROR;
				GCC_WARN_UNDECLARED_SELECTOR = YES;
				GCC_WARN_UNINITIALIZED_AUTOS = YES_AGGRESSIVE;
				GCC_WARN_UNUSED_FUNCTION = YES;
				GCC_WARN_UNUSED_VARIABLE = YES;
				IPHONEOS_DEPLOYMENT_TARGET = 10.3;
				MTL_ENABLE_DEBUG_INFO = YES;
				ONLY_ACTIVE_ARCH = YES;
				SDKROOT = iphoneos;
				SWIFT_ACTIVE_COMPILATION_CONDITIONS = DEBUG;
				SWIFT_OPTIMIZATION_LEVEL = "-Onone";
				TARGETED_DEVICE_FAMILY = "1,2";
			};
			name = Debug;
		};
		0FB5C2211F55472A005708AA /* Release */ = {
			isa = XCBuildConfiguration;
			buildSettings = {
				ALWAYS_SEARCH_USER_PATHS = NO;
				CLANG_ANALYZER_NONNULL = YES;
				CLANG_ANALYZER_NUMBER_OBJECT_CONVERSION = YES_AGGRESSIVE;
				CLANG_CXX_LANGUAGE_STANDARD = "gnu++0x";
				CLANG_CXX_LIBRARY = "libc++";
				CLANG_ENABLE_MODULES = YES;
				CLANG_ENABLE_OBJC_ARC = YES;
				CLANG_WARN_BOOL_CONVERSION = YES;
				CLANG_WARN_CONSTANT_CONVERSION = YES;
				CLANG_WARN_DIRECT_OBJC_ISA_USAGE = YES_ERROR;
				CLANG_WARN_DOCUMENTATION_COMMENTS = YES;
				CLANG_WARN_EMPTY_BODY = YES;
				CLANG_WARN_ENUM_CONVERSION = YES;
				CLANG_WARN_INFINITE_RECURSION = YES;
				CLANG_WARN_INT_CONVERSION = YES;
				CLANG_WARN_OBJC_ROOT_CLASS = YES_ERROR;
				CLANG_WARN_SUSPICIOUS_MOVE = YES;
				CLANG_WARN_UNREACHABLE_CODE = YES;
				CLANG_WARN__DUPLICATE_METHOD_MATCH = YES;
				"CODE_SIGN_IDENTITY[sdk=iphoneos*]" = "iPhone Developer";
				COPY_PHASE_STRIP = NO;
				DEBUG_INFORMATION_FORMAT = "dwarf-with-dsym";
				ENABLE_NS_ASSERTIONS = NO;
				ENABLE_STRICT_OBJC_MSGSEND = YES;
				GCC_C_LANGUAGE_STANDARD = gnu99;
				GCC_NO_COMMON_BLOCKS = YES;
				GCC_WARN_64_TO_32_BIT_CONVERSION = YES;
				GCC_WARN_ABOUT_RETURN_TYPE = YES_ERROR;
				GCC_WARN_UNDECLARED_SELECTOR = YES;
				GCC_WARN_UNINITIALIZED_AUTOS = YES_AGGRESSIVE;
				GCC_WARN_UNUSED_FUNCTION = YES;
				GCC_WARN_UNUSED_VARIABLE = YES;
				IPHONEOS_DEPLOYMENT_TARGET = 10.3;
				MTL_ENABLE_DEBUG_INFO = NO;
				SDKROOT = iphoneos;
				SWIFT_OPTIMIZATION_LEVEL = "-Owholemodule";
				TARGETED_DEVICE_FAMILY = "1,2";
				VALIDATE_PRODUCT = YES;
			};
			name = Release;
		};
		0FB5C2231F55472A005708AA /* Debug */ = {
			isa = XCBuildConfiguration;
			baseConfigurationReference = BC06344EEAFD3BA27BB5AB28 /* Pods-MClient.debug.xcconfig */;
			buildSettings = {
				ASSETCATALOG_COMPILER_APPICON_NAME = AppIcon;
				DEVELOPMENT_TEAM = G24FXD6L29;
				INFOPLIST_FILE = MClient/Info.plist;
				LD_RUNPATH_SEARCH_PATHS = "$(inherited) @executable_path/Frameworks";
				PRODUCT_BUNDLE_IDENTIFIER = com.directi.kapow.training.MClient;
				PRODUCT_NAME = "$(TARGET_NAME)";
				SWIFT_VERSION = 3.0;
			};
			name = Debug;
		};
		0FB5C2241F55472A005708AA /* Release */ = {
			isa = XCBuildConfiguration;
			baseConfigurationReference = 8704C61FB76D562932B41FA9 /* Pods-MClient.release.xcconfig */;
			buildSettings = {
				ASSETCATALOG_COMPILER_APPICON_NAME = AppIcon;
				DEVELOPMENT_TEAM = G24FXD6L29;
				INFOPLIST_FILE = MClient/Info.plist;
				LD_RUNPATH_SEARCH_PATHS = "$(inherited) @executable_path/Frameworks";
				PRODUCT_BUNDLE_IDENTIFIER = com.directi.kapow.training.MClient;
				PRODUCT_NAME = "$(TARGET_NAME)";
				SWIFT_VERSION = 3.0;
			};
			name = Release;
		};
/* End XCBuildConfiguration section */

/* Begin XCConfigurationList section */
		0FB5C20B1F554729005708AA /* Build configuration list for PBXProject "MClient" */ = {
			isa = XCConfigurationList;
			buildConfigurations = (
				0FB5C2201F55472A005708AA /* Debug */,
				0FB5C2211F55472A005708AA /* Release */,
			);
			defaultConfigurationIsVisible = 0;
			defaultConfigurationName = Release;
		};
		0FB5C2221F55472A005708AA /* Build configuration list for PBXNativeTarget "MClient" */ = {
			isa = XCConfigurationList;
			buildConfigurations = (
				0FB5C2231F55472A005708AA /* Debug */,
				0FB5C2241F55472A005708AA /* Release */,
			);
			defaultConfigurationIsVisible = 0;
			defaultConfigurationName = Release;
		};
/* End XCConfigurationList section */

/* Begin XCVersionGroup section */
		0F431C301F67FCC8008DF236 /* mclient.xcdatamodeld */ = {
			isa = XCVersionGroup;
			children = (
				0F431C311F67FCC8008DF236 /* mclient.xcdatamodel */,
			);
			currentVersion = 0F431C311F67FCC8008DF236 /* mclient.xcdatamodel */;
			path = mclient.xcdatamodeld;
			sourceTree = "<group>";
			versionGroupType = wrapper.xcdatamodel;
		};
/* End XCVersionGroup section */
	};
	rootObject = 0FB5C2081F554729005708AA /* Project object */;
}
